
Microsoft Visual Studio Solution File, Format Version 12.00
# Visual Studio Version 16
VisualStudioVersion = 16.0.29613.14
MinimumVisualStudioVersion = 10.0.40219.1
Project("{FAE04EC0-301F-11D3-BF4B-00C04F79EFBC}") = "WebServiceTester", "WebServiceTester\WebServiceTester.csproj", "{33357FCA-07FF-417F-A640-87964C4292A4}"
	ProjectSection(ProjectDependencies) = postProject
		{31102D4B-CD46-4825-997F-BCDD80D76225} = {31102D4B-CD46-4825-997F-BCDD80D76225}
	EndProjectSection
EndProject
Project("{FAE04EC0-301F-11D3-BF4B-00C04F79EFBC}") = "HL7Messages", "HL7Messages\HL7Messages.csproj", "{31102D4B-CD46-4825-997F-BCDD80D76225}"
EndProject
Project("{FAE04EC0-301F-11D3-BF4B-00C04F79EFBC}") = "HL7ParseAndScub", "..\HL7Tools\HL7ParseAndScub\HL7ParseAndScub.csproj", "{ADDB67AE-815A-42A0-9D55-E42A3D93FAC0}"
EndProject
Global
	GlobalSection(SolutionConfigurationPlatforms) = preSolution
		Debug|Any CPU = Debug|Any CPU
		Release|Any CPU = Release|Any CPU
	EndGlobalSection
	GlobalSection(ProjectConfigurationPlatforms) = postSolution
		{33357FCA-07FF-417F-A640-87964C4292A4}.Debug|Any CPU.ActiveCfg = Debug|Any CPU
		{33357FCA-07FF-417F-A640-87964C4292A4}.Debug|Any CPU.Build.0 = Debug|Any CPU
		{33357FCA-07FF-417F-A640-87964C4292A4}.Release|Any CPU.ActiveCfg = Release|Any CPU
		{33357FCA-07FF-417F-A640-87964C4292A4}.Release|Any CPU.Build.0 = Release|Any CPU
		{31102D4B-CD46-4825-997F-BCDD80D76225}.Debug|Any CPU.ActiveCfg = Debug|Any CPU
		{31102D4B-CD46-4825-997F-BCDD80D76225}.Debug|Any CPU.Build.0 = Debug|Any CPU
		{31102D4B-CD46-4825-997F-BCDD80D76225}.Release|Any CPU.ActiveCfg = Release|Any CPU
		{31102D4B-CD46-4825-997F-BCDD80D76225}.Release|Any CPU.Build.0 = Release|Any CPU
		{ADDB67AE-815A-42A0-9D55-E42A3D93FAC0}.Debug|Any CPU.ActiveCfg = Debug|Any CPU
		{ADDB67AE-815A-42A0-9D55-E42A3D93FAC0}.Debug|Any CPU.Build.0 = Debug|Any CPU
		{ADDB67AE-815A-42A0-9D55-E42A3D93FAC0}.Release|Any CPU.ActiveCfg = Release|Any CPU
		{ADDB67AE-815A-42A0-9D55-E42A3D93FAC0}.Release|Any CPU.Build.0 = Release|Any CPU
	EndGlobalSection
	GlobalSection(SolutionProperties) = preSolution
		HideSolutionNode = FALSE
	EndGlobalSection
	GlobalSection(ExtensibilityGlobals) = postSolution
		SolutionGuid = {0E1F4A75-BED9-42E9-8B2F-4035C50DC6FE}
	EndGlobalSection
EndGlobal
